
Microsoft Visual Studio Solution File, Format Version 12.00
# Visual Studio Version 17
VisualStudioVersion = 17.1.32328.378
MinimumVisualStudioVersion = 10.0.40219.1
Project("{9A19103F-16F7-4668-BE54-9A1E7A4F7556}") = "MessageDispatcher.WebApi", "src\MessageDispatcher.WebApi\MessageDispatcher.WebApi.csproj", "{612626A7-B8CE-4B56-BFBD-986B3F508847}"
EndProject
Project("{FAE04EC0-301F-11D3-BF4B-00C04F79EFBC}") = "MessageDispatcher.Domain", "src\MessageDispatcher.Domain\MessageDispatcher.Domain.csproj", "{62FE520E-5E22-4E37-97EE-1CE60DFE5D43}"
EndProject
Project("{FAE04EC0-301F-11D3-BF4B-00C04F79EFBC}") = "MessageDispatcher.Infrastructure", "src\MessageDispatcher.Infrastructure\MessageDispatcher.Infrastructure.csproj", "{FA0A8F01-FC4E-471D-8EA7-DB75922AFC3D}"
EndProject
Global
	GlobalSection(SolutionConfigurationPlatforms) = preSolution
		Debug|Any CPU = Debug|Any CPU
		Release|Any CPU = Release|Any CPU
	EndGlobalSection
	GlobalSection(ProjectConfigurationPlatforms) = postSolution
		{612626A7-B8CE-4B56-BFBD-986B3F508847}.Debug|Any CPU.ActiveCfg = Debug|Any CPU
		{612626A7-B8CE-4B56-BFBD-986B3F508847}.Debug|Any CPU.Build.0 = Debug|Any CPU
		{612626A7-B8CE-4B56-BFBD-986B3F508847}.Release|Any CPU.ActiveCfg = Release|Any CPU
		{612626A7-B8CE-4B56-BFBD-986B3F508847}.Release|Any CPU.Build.0 = Release|Any CPU
		{62FE520E-5E22-4E37-97EE-1CE60DFE5D43}.Debug|Any CPU.ActiveCfg = Debug|Any CPU
		{62FE520E-5E22-4E37-97EE-1CE60DFE5D43}.Debug|Any CPU.Build.0 = Debug|Any CPU
		{62FE520E-5E22-4E37-97EE-1CE60DFE5D43}.Release|Any CPU.ActiveCfg = Release|Any CPU
		{62FE520E-5E22-4E37-97EE-1CE60DFE5D43}.Release|Any CPU.Build.0 = Release|Any CPU
		{FA0A8F01-FC4E-471D-8EA7-DB75922AFC3D}.Debug|Any CPU.ActiveCfg = Debug|Any CPU
		{FA0A8F01-FC4E-471D-8EA7-DB75922AFC3D}.Debug|Any CPU.Build.0 = Debug|Any CPU
		{FA0A8F01-FC4E-471D-8EA7-DB75922AFC3D}.Release|Any CPU.ActiveCfg = Release|Any CPU
		{FA0A8F01-FC4E-471D-8EA7-DB75922AFC3D}.Release|Any CPU.Build.0 = Release|Any CPU
	EndGlobalSection
	GlobalSection(SolutionProperties) = preSolution
		HideSolutionNode = FALSE
	EndGlobalSection
	GlobalSection(ExtensibilityGlobals) = postSolution
		SolutionGuid = {382F112A-A52D-4BF3-BC03-0321B610C3BD}
	EndGlobalSection
EndGlobal
